
Microsoft Visual Studio Solution File, Format Version 12.00
# Visual Studio Version 17
VisualStudioVersion = 17.5.33502.453
MinimumVisualStudioVersion = 10.0.40219.1
Project("{FAE04EC0-301F-11D3-BF4B-00C04F79EFBC}") = "bt-tuan4", "bt-tuan4\bt-tuan4.csproj", "{71C14A36-CC0D-442D-995C-12CD128619A6}"
EndProject
Global
	GlobalSection(SolutionConfigurationPlatforms) = preSolution
		Debug|Any CPU = Debug|Any CPU
		Release|Any CPU = Release|Any CPU
	EndGlobalSection
	GlobalSection(ProjectConfigurationPlatforms) = postSolution
		{71C14A36-CC0D-442D-995C-12CD128619A6}.Debug|Any CPU.ActiveCfg = Debug|Any CPU
		{71C14A36-CC0D-442D-995C-12CD128619A6}.Debug|Any CPU.Build.0 = Debug|Any CPU
		{71C14A36-CC0D-442D-995C-12CD128619A6}.Release|Any CPU.ActiveCfg = Release|Any CPU
		{71C14A36-CC0D-442D-995C-12CD128619A6}.Release|Any CPU.Build.0 = Release|Any CPU
	EndGlobalSection
	GlobalSection(SolutionProperties) = preSolution
		HideSolutionNode = FALSE
	EndGlobalSection
	GlobalSection(ExtensibilityGlobals) = postSolution
		SolutionGuid = {1C358324-1695-4F6E-BC35-292C4CD81A63}
	EndGlobalSection
EndGlobal
